
Microsoft Visual Studio Solution File, Format Version 12.00
# Visual Studio Version 17
VisualStudioVersion = 17.1.32228.430
MinimumVisualStudioVersion = 10.0.40219.1
Project("{FAE04EC0-301F-11D3-BF4B-00C04F79EFBC}") = "aaa", "aaa\aaa.csproj", "{3DE39DDC-F83D-45EC-8388-A49C38E0554C}"
EndProject
Global
	GlobalSection(SolutionConfigurationPlatforms) = preSolution
		Debug|Any CPU = Debug|Any CPU
		Release|Any CPU = Release|Any CPU
	EndGlobalSection
	GlobalSection(ProjectConfigurationPlatforms) = postSolution
		{3DE39DDC-F83D-45EC-8388-A49C38E0554C}.Debug|Any CPU.ActiveCfg = Debug|Any CPU
		{3DE39DDC-F83D-45EC-8388-A49C38E0554C}.Debug|Any CPU.Build.0 = Debug|Any CPU
		{3DE39DDC-F83D-45EC-8388-A49C38E0554C}.Release|Any CPU.ActiveCfg = Release|Any CPU
		{3DE39DDC-F83D-45EC-8388-A49C38E0554C}.Release|Any CPU.Build.0 = Release|Any CPU
	EndGlobalSection
	GlobalSection(SolutionProperties) = preSolution
		HideSolutionNode = FALSE
	EndGlobalSection
	GlobalSection(ExtensibilityGlobals) = postSolution
		SolutionGuid = {2071C50D-74D6-4882-89DE-FEB47996E0DF}
	EndGlobalSection
EndGlobal
